
Microsoft Visual Studio Solution File, Format Version 12.00
# Visual Studio 15
VisualStudioVersion = 15.0.27703.2035
MinimumVisualStudioVersion = 10.0.40219.1
Project("{FAE04EC0-301F-11D3-BF4B-00C04F79EFBC}") = "ControlLibraryAssign3", "ControlLibraryAssign3\ControlLibraryAssign3.csproj", "{5112156C-F87D-44EB-9982-5488EEBCA0BE}"
EndProject
Project("{FAE04EC0-301F-11D3-BF4B-00C04F79EFBC}") = "MainAndDialogForms", "MainAndDialogForms\MainAndDialogForms.csproj", "{37690A61-DB7D-4476-B7A3-F95E136979D2}"
EndProject
Global
	GlobalSection(SolutionConfigurationPlatforms) = preSolution
		Debug|Any CPU = Debug|Any CPU
		Release|Any CPU = Release|Any CPU
	EndGlobalSection
	GlobalSection(ProjectConfigurationPlatforms) = postSolution
		{5112156C-F87D-44EB-9982-5488EEBCA0BE}.Debug|Any CPU.ActiveCfg = Debug|Any CPU
		{5112156C-F87D-44EB-9982-5488EEBCA0BE}.Debug|Any CPU.Build.0 = Debug|Any CPU
		{5112156C-F87D-44EB-9982-5488EEBCA0BE}.Release|Any CPU.ActiveCfg = Release|Any CPU
		{5112156C-F87D-44EB-9982-5488EEBCA0BE}.Release|Any CPU.Build.0 = Release|Any CPU
		{37690A61-DB7D-4476-B7A3-F95E136979D2}.Debug|Any CPU.ActiveCfg = Debug|Any CPU
		{37690A61-DB7D-4476-B7A3-F95E136979D2}.Debug|Any CPU.Build.0 = Debug|Any CPU
		{37690A61-DB7D-4476-B7A3-F95E136979D2}.Release|Any CPU.ActiveCfg = Release|Any CPU
		{37690A61-DB7D-4476-B7A3-F95E136979D2}.Release|Any CPU.Build.0 = Release|Any CPU
	EndGlobalSection
	GlobalSection(SolutionProperties) = preSolution
		HideSolutionNode = FALSE
	EndGlobalSection
	GlobalSection(ExtensibilityGlobals) = postSolution
		SolutionGuid = {8A5C387B-8C68-485B-95AB-F0D281DA2BA1}
	EndGlobalSection
EndGlobal
